
Microsoft Visual Studio Solution File, Format Version 12.00
# Visual Studio Version 17
VisualStudioVersion = 17.5.33530.505
MinimumVisualStudioVersion = 10.0.40219.1
Project("{FAE04EC0-301F-11D3-BF4B-00C04F79EFBC}") = "SMG4 OS IN PC", "SMG4 OS IN PC\SMG4 OS IN PC.csproj", "{009EBDE8-A1F3-4EDA-86F2-2307DC4CC90A}"
EndProject
Global
	GlobalSection(SolutionConfigurationPlatforms) = preSolution
		Debug|Any CPU = Debug|Any CPU
		Release|Any CPU = Release|Any CPU
	EndGlobalSection
	GlobalSection(ProjectConfigurationPlatforms) = postSolution
		{009EBDE8-A1F3-4EDA-86F2-2307DC4CC90A}.Debug|Any CPU.ActiveCfg = Debug|Any CPU
		{009EBDE8-A1F3-4EDA-86F2-2307DC4CC90A}.Debug|Any CPU.Build.0 = Debug|Any CPU
		{009EBDE8-A1F3-4EDA-86F2-2307DC4CC90A}.Release|Any CPU.ActiveCfg = Release|Any CPU
		{009EBDE8-A1F3-4EDA-86F2-2307DC4CC90A}.Release|Any CPU.Build.0 = Release|Any CPU
	EndGlobalSection
	GlobalSection(SolutionProperties) = preSolution
		HideSolutionNode = FALSE
	EndGlobalSection
	GlobalSection(ExtensibilityGlobals) = postSolution
		SolutionGuid = {4712086E-6B0A-41B7-92E9-6DDD2C3BF892}
	EndGlobalSection
EndGlobal
